
Microsoft Visual Studio Solution File, Format Version 11.00
# Visual Studio 2010
Project("{F184B08F-C81C-45F6-A57F-5ABD9991F28F}") = "Cheat Manager", "Cheat Manager\Cheat Manager.vbproj", "{4902876B-842E-4CB6-8BBE-6FC6EB253BDA}"
EndProject
Global
	GlobalSection(SolutionConfigurationPlatforms) = preSolution
		Debug|x86 = Debug|x86
		Release|x86 = Release|x86
	EndGlobalSection
	GlobalSection(ProjectConfigurationPlatforms) = postSolution
		{4902876B-842E-4CB6-8BBE-6FC6EB253BDA}.Debug|x86.ActiveCfg = Debug|x86
		{4902876B-842E-4CB6-8BBE-6FC6EB253BDA}.Debug|x86.Build.0 = Debug|x86
		{4902876B-842E-4CB6-8BBE-6FC6EB253BDA}.Release|x86.ActiveCfg = Release|x86
		{4902876B-842E-4CB6-8BBE-6FC6EB253BDA}.Release|x86.Build.0 = Release|x86
	EndGlobalSection
	GlobalSection(SolutionProperties) = preSolution
		HideSolutionNode = FALSE
	EndGlobalSection
EndGlobal
