
Microsoft Visual Studio Solution File, Format Version 11.00
# Visual Studio 2010
Project("{F184B08F-C81C-45F6-A57F-5ABD9991F28F}") = "UGGConv", "UGGConv\UGGConv.vbproj", "{CA52D5D8-F809-4EED-BD97-894D12A780A3}"
EndProject
Global
	GlobalSection(SolutionConfigurationPlatforms) = preSolution
		Debug|Any CPU = Debug|Any CPU
		Release|Any CPU = Release|Any CPU
	EndGlobalSection
	GlobalSection(ProjectConfigurationPlatforms) = postSolution
		{CA52D5D8-F809-4EED-BD97-894D12A780A3}.Debug|Any CPU.ActiveCfg = Debug|Any CPU
		{CA52D5D8-F809-4EED-BD97-894D12A780A3}.Debug|Any CPU.Build.0 = Debug|Any CPU
		{CA52D5D8-F809-4EED-BD97-894D12A780A3}.Release|Any CPU.ActiveCfg = Release|Any CPU
		{CA52D5D8-F809-4EED-BD97-894D12A780A3}.Release|Any CPU.Build.0 = Release|Any CPU
	EndGlobalSection
	GlobalSection(SolutionProperties) = preSolution
		HideSolutionNode = FALSE
	EndGlobalSection
EndGlobal
